
Microsoft Visual Studio Solution File, Format Version 12.00
# Visual Studio Express 2012 for Web
Project("{FAE04EC0-301F-11D3-BF4B-00C04F79EFBC}") = "MediaCollector", "MediaCollector\MediaCollector.csproj", "{9CB84A0A-E82A-4DF2-A0E7-B01D142072A0}"
EndProject
Project("{FAE04EC0-301F-11D3-BF4B-00C04F79EFBC}") = "MediaCollector.Controllers", "MediaCollector.Controllers\MediaCollector.Controllers.csproj", "{3588A615-90D8-4E09-BE0F-025E5B424F93}"
EndProject
Project("{FAE04EC0-301F-11D3-BF4B-00C04F79EFBC}") = "MediaCollector.Amazon", "MediaCollector.Amazon\MediaCollector.Amazon.csproj", "{59E1BA87-8ED0-4A34-971C-B55A10BE1418}"
EndProject
Global
	GlobalSection(SolutionConfigurationPlatforms) = preSolution
		Debug|Any CPU = Debug|Any CPU
		Release|Any CPU = Release|Any CPU
	EndGlobalSection
	GlobalSection(ProjectConfigurationPlatforms) = postSolution
		{9CB84A0A-E82A-4DF2-A0E7-B01D142072A0}.Debug|Any CPU.ActiveCfg = Debug|Any CPU
		{9CB84A0A-E82A-4DF2-A0E7-B01D142072A0}.Debug|Any CPU.Build.0 = Debug|Any CPU
		{9CB84A0A-E82A-4DF2-A0E7-B01D142072A0}.Release|Any CPU.ActiveCfg = Release|Any CPU
		{9CB84A0A-E82A-4DF2-A0E7-B01D142072A0}.Release|Any CPU.Build.0 = Release|Any CPU
		{3588A615-90D8-4E09-BE0F-025E5B424F93}.Debug|Any CPU.ActiveCfg = Debug|Any CPU
		{3588A615-90D8-4E09-BE0F-025E5B424F93}.Debug|Any CPU.Build.0 = Debug|Any CPU
		{3588A615-90D8-4E09-BE0F-025E5B424F93}.Release|Any CPU.ActiveCfg = Release|Any CPU
		{3588A615-90D8-4E09-BE0F-025E5B424F93}.Release|Any CPU.Build.0 = Release|Any CPU
		{59E1BA87-8ED0-4A34-971C-B55A10BE1418}.Debug|Any CPU.ActiveCfg = Debug|Any CPU
		{59E1BA87-8ED0-4A34-971C-B55A10BE1418}.Debug|Any CPU.Build.0 = Debug|Any CPU
		{59E1BA87-8ED0-4A34-971C-B55A10BE1418}.Release|Any CPU.ActiveCfg = Release|Any CPU
		{59E1BA87-8ED0-4A34-971C-B55A10BE1418}.Release|Any CPU.Build.0 = Release|Any CPU
	EndGlobalSection
	GlobalSection(SolutionProperties) = preSolution
		HideSolutionNode = FALSE
	EndGlobalSection
EndGlobal
